schema: '2.0'
stages:
  data_ingestion:
    cmd: python src/data_ingestion.py
    deps:
    - path: src/data_ingestion.py
      hash: md5
      md5: 7ec461202fbc823568eef1cda6979d1d
      size: 4215
    params:
      params.yaml:
        data_ingestion.test_size: 0.3
    outs:
    - path: data/raw
      hash: md5
      md5: d26befd2dda9438254177d9000d9ba1f.dir
      size: 484846
      nfiles: 2
  data_preprocessing:
    cmd: python src/data_preprocessing.py
    deps:
    - path: data/raw
      hash: md5
      md5: d26befd2dda9438254177d9000d9ba1f.dir
      size: 484846
      nfiles: 2
    - path: src/data_preprocessing.py
      hash: md5
      md5: 8de0e72d535abdc52e9653ed962be8a6
      size: 4037
    outs:
    - path: data/interim
      hash: md5
      md5: 61ca13b2e20854a1f7bacbbcfeca409e.dir
      size: 262513
      nfiles: 2
  feature_engineering:
    cmd: python src/feature_engineering.py
    deps:
    - path: data/interim
      hash: md5
      md5: 61ca13b2e20854a1f7bacbbcfeca409e.dir
      size: 262513
      nfiles: 2
    - path: src/feature_engineering.py
      hash: md5
      md5: 27c851256e95a96719ff4ba4b787356b
      size: 4475
    params:
      params.yaml:
        feature_engineering.max_features: 50
    outs:
    - path: data/processed
      hash: md5
      md5: 85d321dc446823db63e7907f87ac544e.dir
      size: 1187708
      nfiles: 2
  model_building:
    cmd: python src/model_building.py
    deps:
    - path: data/processed
      hash: md5
      md5: 85d321dc446823db63e7907f87ac544e.dir
      size: 1187708
      nfiles: 2
    - path: src/model_building.py
      hash: md5
      md5: 79e3fc8eca808ff8450333cc43a4e431
      size: 5046
    params:
      params.yaml:
        model_building.n_estimators: 25
        model_building.random_state: 3
    outs:
    - path: models/model.pkl
      hash: md5
      md5: 4a6e85564ecb098179a97d9ae65ddcc7
      size: 912215
  model_evaluation:
    cmd: python src/model_evaluation.py
    deps:
    - path: models/model.pkl
      hash: md5
      md5: 4a6e85564ecb098179a97d9ae65ddcc7
      size: 912215
    - path: src/model_evaluation.py
      hash: md5
      md5: 0c56a05dded3336608f13005d419f284
      size: 5206
    outs:
    - path: reports/metrics.json
      hash: md5
      md5: bf3b986c30dbf80efa4b8436a5388278
      size: 144
